Microsoft Visual Studio Solution File, Format Version 11.00
# Visual Studio 2008

Project("{C8A3E3CA-6FFC-AEA6-4F1D-46BF9A548956}") = "Berry Basket", "Assembly-CSharp.csproj", "{AAB42620-58B2-E2BC-D5BB-FD8285E7FA1F}"
EndProject
Global
	GlobalSection(SolutionConfigurationPlatforms) = preSolution
		Debug|Any CPU = Debug|Any CPU
		Release|Any CPU = Release|Any CPU
	EndGlobalSection
	GlobalSection(ProjectConfigurationPlatforms) = postSolution
		{AAB42620-58B2-E2BC-D5BB-FD8285E7FA1F}.Debug|Any CPU.ActiveCfg = Debug|Any CPU
		{AAB42620-58B2-E2BC-D5BB-FD8285E7FA1F}.Debug|Any CPU.Build.0 = Debug|Any CPU
		{AAB42620-58B2-E2BC-D5BB-FD8285E7FA1F}.Release|Any CPU.ActiveCfg = Release|Any CPU
		{AAB42620-58B2-E2BC-D5BB-FD8285E7FA1F}.Release|Any CPU.Build.0 = Release|Any CPU
	EndGlobalSection
	GlobalSection(SolutionProperties) = preSolution
		HideSolutionNode = FALSE
	EndGlobalSection
	GlobalSection(MonoDevelopProperties) = preSolution
		StartupItem = Assembly-CSharp.csproj
	EndGlobalSection
EndGlobal
